{
  "name": "ytsearcher-cli",
  "version": "1.0.0",
  "lockfileVersion": 1,
  "requires": true,
  "dependencies": {
    "ytsearcher": {
      "version": "1.2.1",
      "resolved": "https://registry.npmjs.org/ytsearcher/-/ytsearcher-1.2.1.tgz",
      "integrity": "sha512-Bllw6OW/m4O5oeg0CNjJxlSZKSw08cLucIUateD2/9pG+l7ud9Nw68zKZF1Ms2q/IE8brkaWrh5SbEEMKcV0Wg=="
    }
  }
}
